
Microsoft Visual Studio Solution File, Format Version 12.00
# Visual Studio Version 16
VisualStudioVersion = 16.0.31005.135
MinimumVisualStudioVersion = 10.0.40219.1
Project("{FAE04EC0-301F-11D3-BF4B-00C04F79EFBC}") = "RelativeLetterFrequencies", "RelativeLetterFrequencies\RelativeLetterFrequencies.csproj", "{AA15BFDD-70E2-47FA-BF1B-A1B8AF409B55}"
EndProject
Global
	GlobalSection(SolutionConfigurationPlatforms) = preSolution
		Debug|Any CPU = Debug|Any CPU
		Release|Any CPU = Release|Any CPU
	EndGlobalSection
	GlobalSection(ProjectConfigurationPlatforms) = postSolution
		{AA15BFDD-70E2-47FA-BF1B-A1B8AF409B55}.Debug|Any CPU.ActiveCfg = Debug|Any CPU
		{AA15BFDD-70E2-47FA-BF1B-A1B8AF409B55}.Debug|Any CPU.Build.0 = Debug|Any CPU
		{AA15BFDD-70E2-47FA-BF1B-A1B8AF409B55}.Release|Any CPU.ActiveCfg = Release|Any CPU
		{AA15BFDD-70E2-47FA-BF1B-A1B8AF409B55}.Release|Any CPU.Build.0 = Release|Any CPU
	EndGlobalSection
	GlobalSection(SolutionProperties) = preSolution
		HideSolutionNode = FALSE
	EndGlobalSection
	GlobalSection(ExtensibilityGlobals) = postSolution
		SolutionGuid = {A7CF1C2F-2A4D-40FC-9597-40CE5B695604}
	EndGlobalSection
EndGlobal
